Microsoft Visual Studio Solution File, Format Version 12.00
# Visual Studio Version 17
VisualStudioVersion = 17.5.2.0
MinimumVisualStudioVersion = 10.0.40219.1
Project("{FAE04EC0-301F-11D3-BF4B-00C04F79EFBC}") = "PortalScraper", "PortalScraper.csproj", "{8115E2A1-287A-D8E6-D8E9-97E44F6FE2C8}"
EndProject
Project("{00D1A9C2-B5F0-4AF3-8072-F6C62B433612}") = "PortalScraper.Database", "PortalScraper.Database\PortalScraper.Database.sqlproj", "{3773533D-4C91-4753-8525-38E1839968E5}"
EndProject
Global
	GlobalSection(SolutionConfigurationPlatforms) = preSolution
		Debug|Any CPU = Debug|Any CPU
		Release|Any CPU = Release|Any CPU
	EndGlobalSection
	GlobalSection(ProjectConfigurationPlatforms) = postSolution
		{8115E2A1-287A-D8E6-D8E9-97E44F6FE2C8}.Debug|Any CPU.ActiveCfg = Debug|Any CPU
		{8115E2A1-287A-D8E6-D8E9-97E44F6FE2C8}.Debug|Any CPU.Build.0 = Debug|Any CPU
		{8115E2A1-287A-D8E6-D8E9-97E44F6FE2C8}.Release|Any CPU.ActiveCfg = Release|Any CPU
		{8115E2A1-287A-D8E6-D8E9-97E44F6FE2C8}.Release|Any CPU.Build.0 = Release|Any CPU
		{3773533D-4C91-4753-8525-38E1839968E5}.Debug|Any CPU.ActiveCfg = Debug|Any CPU
		{3773533D-4C91-4753-8525-38E1839968E5}.Release|Any CPU.ActiveCfg = Release|Any CPU
	EndGlobalSection
	GlobalSection(SolutionProperties) = preSolution
		HideSolutionNode = FALSE
	EndGlobalSection
	GlobalSection(ExtensibilityGlobals) = postSolution
		SolutionGuid = {6582CB2D-55D8-483B-8E82-9A0E9E84DE79}
	EndGlobalSection
EndGlobal
